
Microsoft Visual Studio Solution File, Format Version 12.00
# Visual Studio Version 17
VisualStudioVersion = 17.10.35013.160
MinimumVisualStudioVersion = 10.0.40219.1
Project("{9A19103F-16F7-4668-BE54-9A1E7A4F7556}") = "RedBadgerForms", "RedBadgerForms\RedBadgerForms.csproj", "{EEA3960A-0154-4447-A690-2CB0F0EE4028}"
EndProject
Project("{FAE04EC0-301F-11D3-BF4B-00C04F79EFBC}") = "Tests", "Tests\Tests.csproj", "{6794106A-88A0-4689-83E5-7E9A7574EA0A}"
EndProject
Global
	GlobalSection(SolutionConfigurationPlatforms) = preSolution
		Debug|Any CPU = Debug|Any CPU
		Release|Any CPU = Release|Any CPU
	EndGlobalSection
	GlobalSection(ProjectConfigurationPlatforms) = postSolution
		{EEA3960A-0154-4447-A690-2CB0F0EE4028}.Debug|Any CPU.ActiveCfg = Debug|Any CPU
		{EEA3960A-0154-4447-A690-2CB0F0EE4028}.Debug|Any CPU.Build.0 = Debug|Any CPU
		{EEA3960A-0154-4447-A690-2CB0F0EE4028}.Release|Any CPU.ActiveCfg = Release|Any CPU
		{EEA3960A-0154-4447-A690-2CB0F0EE4028}.Release|Any CPU.Build.0 = Release|Any CPU
		{6794106A-88A0-4689-83E5-7E9A7574EA0A}.Debug|Any CPU.ActiveCfg = Debug|Any CPU
		{6794106A-88A0-4689-83E5-7E9A7574EA0A}.Debug|Any CPU.Build.0 = Debug|Any CPU
		{6794106A-88A0-4689-83E5-7E9A7574EA0A}.Release|Any CPU.ActiveCfg = Release|Any CPU
		{6794106A-88A0-4689-83E5-7E9A7574EA0A}.Release|Any CPU.Build.0 = Release|Any CPU
	EndGlobalSection
	GlobalSection(SolutionProperties) = preSolution
		HideSolutionNode = FALSE
	EndGlobalSection
	GlobalSection(ExtensibilityGlobals) = postSolution
		SolutionGuid = {78F06209-C295-436B-BBA2-D70A63B1D961}
	EndGlobalSection
EndGlobal
